
Microsoft Visual Studio Solution File, Format Version 12.00
# Visual Studio 15
VisualStudioVersion = 15.0.28307.489
MinimumVisualStudioVersion = 10.0.40219.1
Project("{FAE04EC0-301F-11D3-BF4B-00C04F79EFBC}") = "Sea", "Sea\Sea.csproj", "{AA72AA7B-2752-4237-BC75-095942C847CE}"
EndProject
Global
	GlobalSection(SolutionConfigurationPlatforms) = preSolution
		Debug|Any CPU = Debug|Any CPU
		Release|Any CPU = Release|Any CPU
	EndGlobalSection
	GlobalSection(ProjectConfigurationPlatforms) = postSolution
		{AA72AA7B-2752-4237-BC75-095942C847CE}.Debug|Any CPU.ActiveCfg = Debug|Any CPU
		{AA72AA7B-2752-4237-BC75-095942C847CE}.Debug|Any CPU.Build.0 = Debug|Any CPU
		{AA72AA7B-2752-4237-BC75-095942C847CE}.Release|Any CPU.ActiveCfg = Release|Any CPU
		{AA72AA7B-2752-4237-BC75-095942C847CE}.Release|Any CPU.Build.0 = Release|Any CPU
	EndGlobalSection
	GlobalSection(SolutionProperties) = preSolution
		HideSolutionNode = FALSE
	EndGlobalSection
	GlobalSection(ExtensibilityGlobals) = postSolution
		SolutionGuid = {749F458C-478F-4AB0-A246-004A2AF9D2EF}
	EndGlobalSection
EndGlobal
